// !$*UTF8*$!
{
	archiveVersion = 1;
	classes = {
	};
	objectVersion = 77;
	objects = {

/* Begin PBXBuildFile section */
		6C51A0922DCEE9290059FD44 /* README.md in Resources */ = {isa = PBXBuildFile; fileRef = 6C51A0912DCEE9290059FD44 /* README.md */; };
/* End PBXBuildFile section */

/* Begin PBXContainerItemProxy section */
		E55891772D7BA57B00851E9A /* PBXContainerItemProxy */ = {
			isa = PBXContainerItemProxy;
			containerPortal = E558915B2D7BA57900851E9A /* Project object */;
			proxyType = 1;
			remoteGlobalIDString = E55891622D7BA57900851E9A;
			remoteInfo = "Strength Training";
		};
		E55891812D7BA57B00851E9A /* PBXContainerItemProxy */ = {
			isa = PBXContainerItemProxy;
			containerPortal = E558915B2D7BA57900851E9A /* Project object */;
			proxyType = 1;
			remoteGlobalIDString = E55891622D7BA57900851E9A;
			remoteInfo = "Strength Training";
		};
/* End PBXContainerItemProxy section */

/* Begin PBXFileReference section */
		6C51A0912DCEE9290059FD44 /* README.md */ = {isa = PBXFileReference; lastKnownFileType = net.daringfireball.markdown; path = README.md; sourceTree = "<group>"; };
		E55891632D7BA57900851E9A /* Strength Training.app */ = {isa = PBXFileReference; explicitFileType = wrapper.application; includeInIndex = 0; path = "Strength Training.app"; sourceTree = BUILT_PRODUCTS_DIR; };
		E55891762D7BA57B00851E9A /* Strength TrainingTests.xctest */ = {isa = PBXFileReference; explicitFileType = wrapper.cfbundle; includeInIndex = 0; path = "Strength TrainingTests.xctest"; sourceTree = BUILT_PRODUCTS_DIR; };
		E55891802D7BA57B00851E9A /* Strength TrainingUITests.xctest */ = {isa = PBXFileReference; explicitFileType = wrapper.cfbundle; includeInIndex = 0; path = "Strength TrainingUITests.xctest"; sourceTree = BUILT_PRODUCTS_DIR; };
/* End PBXFileReference section */

/* Begin PBXFileSystemSynchronizedRootGroup section */
		E55891652D7BA57900851E9A /* Strength Training */ = {
			isa = PBXFileSystemSynchronizedRootGroup;
			path = "Strength Training";
			sourceTree = "<group>";
		};
/* End PBXFileSystemSynchronizedRootGroup section */

/* Begin PBXFrameworksBuildPhase section */
		E55891602D7BA57900851E9A /* Frameworks */ = {
			isa = PBXFrameworksBuildPhase;
			buildActionMask = 2147483647;
			files = (
			);
			runOnlyForDeploymentPostprocessing = 0;
		};
		E55891732D7BA57B00851E9A /* Frameworks */ = {
			isa = PBXFrameworksBuildPhase;
			buildActionMask = 2147483647;
			files = (
			);
			runOnlyForDeploymentPostprocessing = 0;
		};
		E558917D2D7BA57B00851E9A /* Frameworks */ = {
			isa = PBXFrameworksBuildPhase;
			buildActionMask = 2147483647;
			files = (
			);
			runOnlyForDeploymentPostprocessing = 0;
		};
/* End PBXFrameworksBuildPhase section */

/* Begin PBXGroup section */
		E558915A2D7BA57900851E9A = {
			isa = PBXGroup;
			children = (
				E55891652D7BA57900851E9A /* Strength Training */,
				E55891642D7BA57900851E9A /* Products */,
				6C51A0912DCEE9290059FD44 /* README.md */,
			);
			sourceTree = "<group>";
		};
		E55891642D7BA57900851E9A /* Products */ = {
			isa = PBXGroup;
			children = (
				E55891632D7BA57900851E9A /* Strength Training.app */,
				E55891762D7BA57B00851E9A /* Strength TrainingTests.xctest */,
				E55891802D7BA57B00851E9A /* Strength TrainingUITests.xctest */,
			);
			name = Products;
			sourceTree = "<group>";
		};
/* End PBXGroup section */

/* Begin PBXNativeTarget section */
		E55891622D7BA57900851E9A /* Strength Training */ = {
			isa = PBXNativeTarget;
			buildConfigurationList = E558918A2D7BA57B00851E9A /* Build configuration list for PBXNativeTarget "Strength Training" */;
			buildPhases = (
				E558915F2D7BA57900851E9A /* Sources */,
				E55891602D7BA57900851E9A /* Frameworks */,
				E55891612D7BA57900851E9A /* Resources */,
			);
			buildRules = (
			);
			dependencies = (
			);
			fileSystemSynchronizedGroups = (
				E55891652D7BA57900851E9A /* Strength Training */,
			);
			name = "Strength Training";
			packageProductDependencies = (
			);
			productName = "Strength Training";
			productReference = E55891632D7BA57900851E9A /* Strength Training.app */;
			productType = "com.apple.product-type.application";
		};
		E55891752D7BA57B00851E9A /* Strength TrainingTests */ = {
			isa = PBXNativeTarget;
			buildConfigurationList = E558918D2D7BA57B00851E9A /* Build configuration list for PBXNativeTarget "Strength TrainingTests" */;
			buildPhases = (
				E55891722D7BA57B00851E9A /* Sources */,
				E55891732D7BA57B00851E9A /* Frameworks */,
				E55891742D7BA57B00851E9A /* Resources */,
			);
			buildRules = (
			);
			dependencies = (
				E55891782D7BA57B00851E9A /* PBXTargetDependency */,
			);
			name = "Strength TrainingTests";
			packageProductDependencies = (
			);
			productName = "Strength TrainingTests";
			productReference = E55891762D7BA57B00851E9A /* Strength TrainingTests.xctest */;
			productType = "com.apple.product-type.bundle.unit-test";
		};
		E558917F2D7BA57B00851E9A /* Strength TrainingUITests */ = {
			isa = PBXNativeTarget;
			buildConfigurationList = E55891902D7BA57B00851E9A /* Build configuration list for PBXNativeTarget "Strength TrainingUITests" */;
			buildPhases = (
				E558917C2D7BA57B00851E9A /* Sources */,
				E558917D2D7BA57B00851E9A /* Frameworks */,
				E558917E2D7BA57B00851E9A /* Resources */,
			);
			buildRules = (
			);
			dependencies = (
				E55891822D7BA57B00851E9A /* PBXTargetDependency */,
			);
			name = "Strength TrainingUITests";
			packageProductDependencies = (
			);
			productName = "Strength TrainingUITests";
			productReference = E55891802D7BA57B00851E9A /* Strength TrainingUITests.xctest */;
			productType = "com.apple.product-type.bundle.ui-testing";
		};
/* End PBXNativeTarget section */

/* Begin PBXProject section */
		E558915B2D7BA57900851E9A /* Project object */ = {
			isa = PBXProject;
			attributes = {
				BuildIndependentTargetsInParallel = 1;
				LastSwiftUpdateCheck = 1620;
				LastUpgradeCheck = 1620;
				TargetAttributes = {
					E55891622D7BA57900851E9A = {
						CreatedOnToolsVersion = 16.2;
					};
					E55891752D7BA57B00851E9A = {
						CreatedOnToolsVersion = 16.2;
						TestTargetID = E55891622D7BA57900851E9A;
					};
					E558917F2D7BA57B00851E9A = {
						CreatedOnToolsVersion = 16.2;
						TestTargetID = E55891622D7BA57900851E9A;
					};
				};
			};
			buildConfigurationList = E558915E2D7BA57900851E9A /* Build configuration list for PBXProject "Strength Training" */;
			developmentRegion = en;
			hasScannedForEncodings = 0;
			knownRegions = (
				en,
				Base,
			);
			mainGroup = E558915A2D7BA57900851E9A;
			minimizedProjectReferenceProxies = 1;
			preferredProjectObjectVersion = 77;
			productRefGroup = E55891642D7BA57900851E9A /* Products */;
			projectDirPath = "";
			projectRoot = "";
			targets = (
				E55891622D7BA57900851E9A /* Strength Training */,
				E55891752D7BA57B00851E9A /* Strength TrainingTests */,
				E558917F2D7BA57B00851E9A /* Strength TrainingUITests */,
			);
		};
/* End PBXProject section */

/* Begin PBXResourcesBuildPhase section */
		E55891612D7BA57900851E9A /* Resources */ = {
			isa = PBXResourcesBuildPhase;
			buildActionMask = 2147483647;
			files = (
				6C51A0922DCEE9290059FD44 /* README.md in Resources */,
			);
			runOnlyForDeploymentPostprocessing = 0;
		};
		E55891742D7BA57B00851E9A /* Resources */ = {
			isa = PBXResourcesBuildPhase;
			buildActionMask = 2147483647;
			files = (
			);
			runOnlyForDeploymentPostprocessing = 0;
		};
		E558917E2D7BA57B00851E9A /* Resources */ = {
			isa = PBXResourcesBuildPhase;
			buildActionMask = 2147483647;
			files = (
			);
			runOnlyForDeploymentPostprocessing = 0;
		};
/* End PBXResourcesBuildPhase section */

/* Begin PBXSourcesBuildPhase section */
		E558915F2D7BA57900851E9A /* Sources */ = {
			isa = PBXSourcesBuildPhase;
			buildActionMask = 2147483647;
			files = (
			);
			runOnlyForDeploymentPostprocessing = 0;
		};
		E55891722D7BA57B00851E9A /* Sources */ = {
			isa = PBXSourcesBuildPhase;
			buildActionMask = 2147483647;
			files = (
			);
			runOnlyForDeploymentPostprocessing = 0;
		};
		E558917C2D7BA57B00851E9A /* Sources */ = {
			isa = PBXSourcesBuildPhase;
			buildActionMask = 2147483647;
			files = (
			);
			runOnlyForDeploymentPostprocessing = 0;
		};
/* End PBXSourcesBuildPhase section */

/* Begin PBXTargetDependency section */
		E55891782D7BA57B00851E9A /* PBXTargetDependency */ = {
			isa = PBXTargetDependency;
			target = E55891622D7BA57900851E9A /* Strength Training */;
			targetProxy = E55891772D7BA57B00851E9A /* PBXContainerItemProxy */;
		};
		E55891822D7BA57B00851E9A /* PBXTargetDependency */ = {
			isa = PBXTargetDependency;
			target = E55891622D7BA57900851E9A /* Strength Training */;
			targetProxy = E55891812D7BA57B00851E9A /* PBXContainerItemProxy */;
		};
/* End PBXTargetDependency section */

/* Begin XCBuildConfiguration section */
		E55891882D7BA57B00851E9A /* Debug */ = {
			isa = XCBuildConfiguration;
			buildSettings = {
				ALWAYS_SEARCH_USER_PATHS = NO;
				ASSETCATALOG_COMPILER_GENERATE_SWIFT_ASSET_SYMBOL_EXTENSIONS = YES;
				CLANG_ANALYZER_NONNULL = YES;
				CLANG_ANALYZER_NUMBER_OBJECT_CONVERSION = YES_AGGRESSIVE;
				CLANG_CXX_LANGUAGE_STANDARD = "gnu++20";
				CLANG_ENABLE_MODULES = YES;
				CLANG_ENABLE_OBJC_ARC = YES;
				CLANG_ENABLE_OBJC_WEAK = YES;
				CLANG_WARN_BLOCK_CAPTURE_AUTORELEASING = YES;
				CLANG_WARN_BOOL_CONVERSION = YES;
				CLANG_WARN_COMMA = YES;
				CLANG_WARN_CONSTANT_CONVERSION = YES;
				CLANG_WARN_DEPRECATED_OBJC_IMPLEMENTATIONS = YES;
				CLANG_WARN_DIRECT_OBJC_ISA_USAGE = YES_ERROR;
				CLANG_WARN_DOCUMENTATION_COMMENTS = YES;
				CLANG_WARN_EMPTY_BODY = YES;
				CLANG_WARN_ENUM_CONVERSION = YES;
				CLANG_WARN_INFINITE_RECURSION = YES;
				CLANG_WARN_INT_CONVERSION = YES;
				CLANG_WARN_NON_LITERAL_NULL_CONVERSION = YES;
				CLANG_WARN_OBJC_IMPLICIT_RETAIN_SELF = YES;
				CLANG_WARN_OBJC_LITERAL_CONVERSION = YES;
				CLANG_WARN_OBJC_ROOT_CLASS = YES_ERROR;
				CLANG_WARN_QUOTED_INCLUDE_IN_FRAMEWORK_HEADER = YES;
				CLANG_WARN_RANGE_LOOP_ANALYSIS = YES;
				CLANG_WARN_STRICT_PROTOTYPES = YES;
				CLANG_WARN_SUSPICIOUS_MOVE = YES;
				CLANG_WARN_UNGUARDED_AVAILABILITY = YES_AGGRESSIVE;
				CLANG_WARN_UNREACHABLE_CODE = YES;
				CLANG_WARN__DUPLICATE_METHOD_MATCH = YES;
				COPY_PHASE_STRIP = NO;
				DEBUG_INFORMATION_FORMAT = dwarf;
				ENABLE_STRICT_OBJC_MSGSEND = YES;
				ENABLE_TESTABILITY = YES;
				ENABLE_USER_SCRIPT_SANDBOXING = YES;
				GCC_C_LANGUAGE_STANDARD = gnu17;
				GCC_DYNAMIC_NO_PIC = NO;
				GCC_NO_COMMON_BLOCKS = YES;
				GCC_OPTIMIZATION_LEVEL = 0;
				GCC_PREPROCESSOR_DEFINITIONS = (
					"DEBUG=1",
					"$(inherited)",
				);
				GCC_WARN_64_TO_32_BIT_CONVERSION = YES;
				GCC_WARN_ABOUT_RETURN_TYPE = YES_ERROR;
				GCC_WARN_UNDECLARED_SELECTOR = YES;
				GCC_WARN_UNINITIALIZED_AUTOS = YES_AGGRESSIVE;
				GCC_WARN_UNUSED_FUNCTION = YES;
				GCC_WARN_UNUSED_VARIABLE = YES;
				LOCALIZATION_PREFERS_STRING_CATALOGS = YES;
				MACOSX_DEPLOYMENT_TARGET = 15.2;
				MTL_ENABLE_DEBUG_INFO = INCLUDE_SOURCE;
				MTL_FAST_MATH = YES;
				ONLY_ACTIVE_ARCH = YES;
				SDKROOT = macosx;
				SWIFT_ACTIVE_COMPILATION_CONDITIONS = "DEBUG $(inherited)";
				SWIFT_OPTIMIZATION_LEVEL = "-Onone";
			};
			name = Debug;
		};
		E55891892D7BA57B00851E9A /* Release */ = {
			isa = XCBuildConfiguration;
			buildSettings = {
				ALWAYS_SEARCH_USER_PATHS = NO;
				ASSETCATALOG_COMPILER_GENERATE_SWIFT_ASSET_SYMBOL_EXTENSIONS = YES;
				CLANG_ANALYZER_NONNULL = YES;
				CLANG_ANALYZER_NUMBER_OBJECT_CONVERSION = YES_AGGRESSIVE;
				CLANG_CXX_LANGUAGE_STANDARD = "gnu++20";
				CLANG_ENABLE_MODULES = YES;
				CLANG_ENABLE_OBJC_ARC = YES;
				CLANG_ENABLE_OBJC_WEAK = YES;
				CLANG_WARN_BLOCK_CAPTURE_AUTORELEASING = YES;
				CLANG_WARN_BOOL_CONVERSION = YES;
				CLANG_WARN_COMMA = YES;
				CLANG_WARN_CONSTANT_CONVERSION = YES;
				CLANG_WARN_DEPRECATED_OBJC_IMPLEMENTATIONS = YES;
				CLANG_WARN_DIRECT_OBJC_ISA_USAGE = YES_ERROR;
				CLANG_WARN_DOCUMENTATION_COMMENTS = YES;
				CLANG_WARN_EMPTY_BODY = YES;
				CLANG_WARN_ENUM_CONVERSION = YES;
				CLANG_WARN_INFINITE_RECURSION = YES;
				CLANG_WARN_INT_CONVERSION = YES;
				CLANG_WARN_NON_LITERAL_NULL_CONVERSION = YES;
				CLANG_WARN_OBJC_IMPLICIT_RETAIN_SELF = YES;
				CLANG_WARN_OBJC_LITERAL_CONVERSION = YES;
				CLANG_WARN_OBJC_ROOT_CLASS = YES_ERROR;
				CLANG_WARN_QUOTED_INCLUDE_IN_FRAMEWORK_HEADER = YES;
				CLANG_WARN_RANGE_LOOP_ANALYSIS = YES;
				CLANG_WARN_STRICT_PROTOTYPES = YES;
				CLANG_WARN_SUSPICIOUS_MOVE = YES;
				CLANG_WARN_UNGUARDED_AVAILABILITY = YES_AGGRESSIVE;
				CLANG_WARN_UNREACHABLE_CODE = YES;
				CLANG_WARN__DUPLICATE_METHOD_MATCH = YES;
				COPY_PHASE_STRIP = NO;
				DEBUG_INFORMATION_FORMAT = "dwarf-with-dsym";
				ENABLE_NS_ASSERTIONS = NO;
				ENABLE_STRICT_OBJC_MSGSEND = YES;
				ENABLE_USER_SCRIPT_SANDBOXING = YES;
				GCC_C_LANGUAGE_STANDARD = gnu17;
				GCC_NO_COMMON_BLOCKS = YES;
				GCC_WARN_64_TO_32_BIT_CONVERSION = YES;
				GCC_WARN_ABOUT_RETURN_TYPE = YES_ERROR;
				GCC_WARN_UNDECLARED_SELECTOR = YES;
				GCC_WARN_UNINITIALIZED_AUTOS = YES_AGGRESSIVE;
				GCC_WARN_UNUSED_FUNCTION = YES;
				GCC_WARN_UNUSED_VARIABLE = YES;
				LOCALIZATION_PREFERS_STRING_CATALOGS = YES;
				MACOSX_DEPLOYMENT_TARGET = 15.2;
				MTL_ENABLE_DEBUG_INFO = NO;
				MTL_FAST_MATH = YES;
				SDKROOT = macosx;
				SWIFT_COMPILATION_MODE = wholemodule;
			};
			name = Release;
		};
		E558918B2D7BA57B00851E9A /* Debug */ = {
			isa = XCBuildConfiguration;
			buildSettings = {
				ASSETCATALOG_COMPILER_APPICON_NAME = AppIcon;
				ASSETCATALOG_COMPILER_GLOBAL_ACCENT_COLOR_NAME = AccentColor;
				CODE_SIGN_ENTITLEMENTS = "Strength Training/Strength_Training.entitlements";
				CODE_SIGN_STYLE = Automatic;
				COMBINE_HIDPI_IMAGES = YES;
				CURRENT_PROJECT_VERSION = 1;
				DEVELOPMENT_ASSET_PATHS = "\"Strength Training/Preview Content\"";
				ENABLE_PREVIEWS = YES;
				GENERATE_INFOPLIST_FILE = YES;
				INFOPLIST_KEY_NSHumanReadableCopyright = "";
				LD_RUNPATH_SEARCH_PATHS = (
					"$(inherited)",
					"@executable_path/../Frameworks",
				);
				MACOSX_DEPLOYMENT_TARGET = 14.0;
				MARKETING_VERSION = 1.0;
				PRODUCT_BUNDLE_IDENTIFIER = "edu.macalester.Strength-Training";
				PRODUCT_NAME = "$(TARGET_NAME)";
				SWIFT_EMIT_LOC_STRINGS = YES;
				SWIFT_VERSION = 5.0;
			};
			name = Debug;
		};
		E558918C2D7BA57B00851E9A /* Release */ = {
			isa = XCBuildConfiguration;
			buildSettings = {
				ASSETCATALOG_COMPILER_APPICON_NAME = AppIcon;
				ASSETCATALOG_COMPILER_GLOBAL_ACCENT_COLOR_NAME = AccentColor;
				CODE_SIGN_ENTITLEMENTS = "Strength Training/Strength_Training.entitlements";
				CODE_SIGN_STYLE = Automatic;
				COMBINE_HIDPI_IMAGES = YES;
				CURRENT_PROJECT_VERSION = 1;
				DEVELOPMENT_ASSET_PATHS = "\"Strength Training/Preview Content\"";
				ENABLE_PREVIEWS = YES;
				GENERATE_INFOPLIST_FILE = YES;
				INFOPLIST_KEY_NSHumanReadableCopyright = "";
				LD_RUNPATH_SEARCH_PATHS = (
					"$(inherited)",
					"@executable_path/../Frameworks",
				);
				MACOSX_DEPLOYMENT_TARGET = 14.0;
				MARKETING_VERSION = 1.0;
				PRODUCT_BUNDLE_IDENTIFIER = "edu.macalester.Strength-Training";
				PRODUCT_NAME = "$(TARGET_NAME)";
				SWIFT_EMIT_LOC_STRINGS = YES;
				SWIFT_VERSION = 5.0;
			};
			name = Release;
		};
		E558918E2D7BA57B00851E9A /* Debug */ = {
			isa = XCBuildConfiguration;
			buildSettings = {
				BUNDLE_LOADER = "$(TEST_HOST)";
				CODE_SIGN_STYLE = Automatic;
				CURRENT_PROJECT_VERSION = 1;
				GENERATE_INFOPLIST_FILE = YES;
				MACOSX_DEPLOYMENT_TARGET = 14.0;
				MARKETING_VERSION = 1.0;
				PRODUCT_BUNDLE_IDENTIFIER = "edu.macalester.Strength-TrainingTests";
				PRODUCT_NAME = "$(TARGET_NAME)";
				SWIFT_EMIT_LOC_STRINGS = NO;
				SWIFT_VERSION = 5.0;
				TEST_HOST = "$(BUILT_PRODUCTS_DIR)/Strength Training.app/$(BUNDLE_EXECUTABLE_FOLDER_PATH)/Strength Training";
			};
			name = Debug;
		};
		E558918F2D7BA57B00851E9A /* Release */ = {
			isa = XCBuildConfiguration;
			buildSettings = {
				BUNDLE_LOADER = "$(TEST_HOST)";
				CODE_SIGN_STYLE = Automatic;
				CURRENT_PROJECT_VERSION = 1;
				GENERATE_INFOPLIST_FILE = YES;
				MACOSX_DEPLOYMENT_TARGET = 14.0;
				MARKETING_VERSION = 1.0;
				PRODUCT_BUNDLE_IDENTIFIER = "edu.macalester.Strength-TrainingTests";
				PRODUCT_NAME = "$(TARGET_NAME)";
				SWIFT_EMIT_LOC_STRINGS = NO;
				SWIFT_VERSION = 5.0;
				TEST_HOST = "$(BUILT_PRODUCTS_DIR)/Strength Training.app/$(BUNDLE_EXECUTABLE_FOLDER_PATH)/Strength Training";
			};
			name = Release;
		};
		E55891912D7BA57B00851E9A /* Debug */ = {
			isa = XCBuildConfiguration;
			buildSettings = {
				CODE_SIGN_STYLE = Automatic;
				CURRENT_PROJECT_VERSION = 1;
				GENERATE_INFOPLIST_FILE = YES;
				MARKETING_VERSION = 1.0;
				PRODUCT_BUNDLE_IDENTIFIER = "edu.macalester.Strength-TrainingUITests";
				PRODUCT_NAME = "$(TARGET_NAME)";
				SWIFT_EMIT_LOC_STRINGS = NO;
				SWIFT_VERSION = 5.0;
				TEST_TARGET_NAME = "Strength Training";
			};
			name = Debug;
		};
		E55891922D7BA57B00851E9A /* Release */ = {
			isa = XCBuildConfiguration;
			buildSettings = {
				CODE_SIGN_STYLE = Automatic;
				CURRENT_PROJECT_VERSION = 1;
				GENERATE_INFOPLIST_FILE = YES;
				MARKETING_VERSION = 1.0;
				PRODUCT_BUNDLE_IDENTIFIER = "edu.macalester.Strength-TrainingUITests";
				PRODUCT_NAME = "$(TARGET_NAME)";
				SWIFT_EMIT_LOC_STRINGS = NO;
				SWIFT_VERSION = 5.0;
				TEST_TARGET_NAME = "Strength Training";
			};
			name = Release;
		};
/* End XCBuildConfiguration section */

/* Begin XCConfigurationList section */
		E558915E2D7BA57900851E9A /* Build configuration list for PBXProject "Strength Training" */ = {
			isa = XCConfigurationList;
			buildConfigurations = (
				E55891882D7BA57B00851E9A /* Debug */,
				E55891892D7BA57B00851E9A /* Release */,
			);
			defaultConfigurationIsVisible = 0;
			defaultConfigurationName = Release;
		};
		E558918A2D7BA57B00851E9A /* Build configuration list for PBXNativeTarget "Strength Training" */ = {
			isa = XCConfigurationList;
			buildConfigurations = (
				E558918B2D7BA57B00851E9A /* Debug */,
				E558918C2D7BA57B00851E9A /* Release */,
			);
			defaultConfigurationIsVisible = 0;
			defaultConfigurationName = Release;
		};
		E558918D2D7BA57B00851E9A /* Build configuration list for PBXNativeTarget "Strength TrainingTests" */ = {
			isa = XCConfigurationList;
			buildConfigurations = (
				E558918E2D7BA57B00851E9A /* Debug */,
				E558918F2D7BA57B00851E9A /* Release */,
			);
			defaultConfigurationIsVisible = 0;
			defaultConfigurationName = Release;
		};
		E55891902D7BA57B00851E9A /* Build configuration list for PBXNativeTarget "Strength TrainingUITests" */ = {
			isa = XCConfigurationList;
			buildConfigurations = (
				E55891912D7BA57B00851E9A /* Debug */,
				E55891922D7BA57B00851E9A /* Release */,
			);
			defaultConfigurationIsVisible = 0;
			defaultConfigurationName = Release;
		};
/* End XCConfigurationList section */
	};
	rootObject = E558915B2D7BA57900851E9A /* Project object */;
}
